{
  "name": "timeline-vue",
  "version": "1.0.0",
  "lockfileVersion": 1,
  "requires": true,
  "dependencies": {
    "axios": {
      "version": "0.16.2",
      "resolved": "http://registry.npm.taobao.org/axios/download/axios-0.16.2.tgz",
      "requires": {
        "follow-redirects": "1.2.5",
        "is-buffer": "1.1.5"
      },
      "dependencies": {
        "follow-redirects": {
          "version": "1.2.5",
          "resolved": "http://registry.npm.taobao.org/follow-redirects/download/follow-redirects-1.2.5.tgz",
          "requires": {
            "debug": "2.6.9"
          },
          "dependencies": {
            "debug": {
              "version": "2.6.9",
              "resolved": "http://registry.npm.taobao.org/debug/download/debug-2.6.9.tgz",
              "requires": {
                "ms": "2.0.0"
              },
              "dependencies": {
                "ms": {
                  "version": "2.0.0",
                  "resolved": "http://registry.npm.taobao.org/ms/download/ms-2.0.0.tgz"
                }
              }
            }
          }
        },
        "is-buffer": {
          "version": "1.1.5",
          "resolved": "http://registry.npm.taobao.org/is-buffer/download/is-buffer-1.1.5.tgz"
        }
      }
    },
    "filemap.js": {
      "version": "0.0.3",
      "resolved": "https://registry.npmjs.org/filemap.js/-/filemap.js-0.0.3.tgz",
      "integrity": "sha1-GEhzAD0Q0PNngwktxQJ1+cduWNE=",
      "dev": true
    },
    "vue-axios": {
      "version": "2.0.2",
      "resolved": "http://registry.npm.taobao.org/vue-axios/download/vue-axios-2.0.2.tgz"
    }
  }
}
